Microsoft Visual Studio Solution File, Format Version 12.00
# Visual Studio Version 17
VisualStudioVersion = 17.11.35312.102
MinimumVisualStudioVersion = 10.0.40219.1
Project("{FAE04EC0-301F-11D3-BF4B-00C04F79EFBC}") = "AspireApp1.AppHost", "AspireApp1.AppHost\AspireApp1.AppHost.csproj", "{13D6DF6F-D890-4888-9FFF-02B355A5A9EE}"
EndProject
Project("{9A19103F-16F7-4668-BE54-9A1E7A4F7556}") = "AspireApp1.ServiceDefaults", "AspireApp1.ServiceDefaults\AspireApp1.ServiceDefaults.csproj", "{D267A453-28C4-47BC-BA30-4298EBE2622F}"
EndProject
Project("{9A19103F-16F7-4668-BE54-9A1E7A4F7556}") = "AspireApp1.ApiService", "AspireApp1.ApiService\AspireApp1.ApiService.csproj", "{5A557570-934D-4442-9988-122333905069}"
EndProject
Project("{9A19103F-16F7-4668-BE54-9A1E7A4F7556}") = "AspireApp1.Web", "AspireApp1.Web\AspireApp1.Web.csproj", "{A212930C-7C90-4F98-B9A7-563ADEB18D84}"
EndProject
Global
	GlobalSection(SolutionConfigurationPlatforms) = preSolution
		Debug|Any CPU = Debug|Any CPU
		Release|Any CPU = Release|Any CPU
	EndGlobalSection
	GlobalSection(ProjectConfigurationPlatforms) = postSolution
		{13D6DF6F-D890-4888-9FFF-02B355A5A9EE}.Debug|Any CPU.ActiveCfg = Debug|Any CPU
		{13D6DF6F-D890-4888-9FFF-02B355A5A9EE}.Debug|Any CPU.Build.0 = Debug|Any CPU
		{13D6DF6F-D890-4888-9FFF-02B355A5A9EE}.Release|Any CPU.ActiveCfg = Release|Any CPU
		{13D6DF6F-D890-4888-9FFF-02B355A5A9EE}.Release|Any CPU.Build.0 = Release|Any CPU
		{D267A453-28C4-47BC-BA30-4298EBE2622F}.Debug|Any CPU.ActiveCfg = Debug|Any CPU
		{D267A453-28C4-47BC-BA30-4298EBE2622F}.Debug|Any CPU.Build.0 = Debug|Any CPU
		{D267A453-28C4-47BC-BA30-4298EBE2622F}.Release|Any CPU.ActiveCfg = Release|Any CPU
		{D267A453-28C4-47BC-BA30-4298EBE2622F}.Release|Any CPU.Build.0 = Release|Any CPU
		{5A557570-934D-4442-9988-122333905069}.Debug|Any CPU.ActiveCfg = Debug|Any CPU
		{5A557570-934D-4442-9988-122333905069}.Debug|Any CPU.Build.0 = Debug|Any CPU
		{5A557570-934D-4442-9988-122333905069}.Release|Any CPU.ActiveCfg = Release|Any CPU
		{5A557570-934D-4442-9988-122333905069}.Release|Any CPU.Build.0 = Release|Any CPU
		{A212930C-7C90-4F98-B9A7-563ADEB18D84}.Debug|Any CPU.ActiveCfg = Debug|Any CPU
		{A212930C-7C90-4F98-B9A7-563ADEB18D84}.Debug|Any CPU.Build.0 = Debug|Any CPU
		{A212930C-7C90-4F98-B9A7-563ADEB18D84}.Release|Any CPU.ActiveCfg = Release|Any CPU
		{A212930C-7C90-4F98-B9A7-563ADEB18D84}.Release|Any CPU.Build.0 = Release|Any CPU
	EndGlobalSection
	GlobalSection(SolutionProperties) = preSolution
		HideSolutionNode = FALSE
	EndGlobalSection
	GlobalSection(ExtensibilityGlobals) = postSolution
		SolutionGuid = {CBBCA9F5-466C-4ACC-9214-8B6AECBE0F1A}
	EndGlobalSection
EndGlobal
